
Microsoft Visual Studio Solution File, Format Version 12.00
# Visual Studio Version 17
VisualStudioVersion = 17.7.34202.233
MinimumVisualStudioVersion = 10.0.40219.1
Project("{FAE04EC0-301F-11D3-BF4B-00C04F79EFBC}") = "BlazorApp", "BlazorApp\BlazorApp.csproj", "{D99C9D75-6E0D-4B2A-95DA-DAC5221BAF00}"
EndProject
Global
	GlobalSection(SolutionConfigurationPlatforms) = preSolution
		Debug|Any CPU = Debug|Any CPU
		Release|Any CPU = Release|Any CPU
	EndGlobalSection
	GlobalSection(ProjectConfigurationPlatforms) = postSolution
		{D99C9D75-6E0D-4B2A-95DA-DAC5221BAF00}.Debug|Any CPU.ActiveCfg = Debug|Any CPU
		{D99C9D75-6E0D-4B2A-95DA-DAC5221BAF00}.Debug|Any CPU.Build.0 = Debug|Any CPU
		{D99C9D75-6E0D-4B2A-95DA-DAC5221BAF00}.Release|Any CPU.ActiveCfg = Release|Any CPU
		{D99C9D75-6E0D-4B2A-95DA-DAC5221BAF00}.Release|Any CPU.Build.0 = Release|Any CPU
	EndGlobalSection
	GlobalSection(SolutionProperties) = preSolution
		HideSolutionNode = FALSE
	EndGlobalSection
	GlobalSection(ExtensibilityGlobals) = postSolution
		SolutionGuid = {7DBA5500-BCA8-4234-889A-6B6903735CC0}
	EndGlobalSection
EndGlobal
